// !$*UTF8*$!
{
	archiveVersion = 1;
	classes = {
	};
	objectVersion = 50;
	objects = {

/* Begin PBXBuildFile section */
		1E7B43B0260F569400E05DDC /* TestCollectionViewCell.swift in Sources */ = {isa = PBXBuildFile; fileRef = 1E7B43AE260F569400E05DDC /* TestCollectionViewCell.swift */; };
		1E7B43B1260F569400E05DDC /* TestCollectionViewCell.xib in Resources */ = {isa = PBXBuildFile; fileRef = 1E7B43AF260F569400E05DDC /* TestCollectionViewCell.xib */; };
		3E1608192614120D0099B1B8 /* FooterCollectionReusableView.swift in Sources */ = {isa = PBXBuildFile; fileRef = 3E1608182614120D0099B1B8 /* FooterCollectionReusableView.swift */; };
		3E160821261573620099B1B8 /* PausePlayBtn.swift in Sources */ = {isa = PBXBuildFile; fileRef = 3E160820261573620099B1B8 /* PausePlayBtn.swift */; };
		3E3F553E25F614FA00E155CF /* HeaderCollectionReusableView.swift in Sources */ = {isa = PBXBuildFile; fileRef = 3E3F553D25F614FA00E155CF /* HeaderCollectionReusableView.swift */; };
		3E3F557325F651E300E155CF /* MyCollectionViewCell.swift in Sources */ = {isa = PBXBuildFile; fileRef = 3E3F557125F651E300E155CF /* MyCollectionViewCell.swift */; };
		3E6C762C2638405A00ADE7D2 /* F#.wav in Resources */ = {isa = PBXBuildFile; fileRef = 3E6C76202638405A00ADE7D2 /* F#.wav */; };
		3E6C762D2638405A00ADE7D2 /* G#.wav in Resources */ = {isa = PBXBuildFile; fileRef = 3E6C76212638405A00ADE7D2 /* G#.wav */; };
		3E6C762E2638405A00ADE7D2 /* A#.wav in Resources */ = {isa = PBXBuildFile; fileRef = 3E6C76222638405A00ADE7D2 /* A#.wav */; };
		3E6C762F2638405A00ADE7D2 /* A.wav in Resources */ = {isa = PBXBuildFile; fileRef = 3E6C76232638405A00ADE7D2 /* A.wav */; };
		3E6C76302638405A00ADE7D2 /* C.wav in Resources */ = {isa = PBXBuildFile; fileRef = 3E6C76242638405A00ADE7D2 /* C.wav */; };
		3E6C76312638405A00ADE7D2 /* B.wav in Resources */ = {isa = PBXBuildFile; fileRef = 3E6C76252638405A00ADE7D2 /* B.wav */; };
		3E6C76322638405A00ADE7D2 /* F.wav in Resources */ = {isa = PBXBuildFile; fileRef = 3E6C76262638405A00ADE7D2 /* F.wav */; };
		3E6C76332638405A00ADE7D2 /* C#.wav in Resources */ = {isa = PBXBuildFile; fileRef = 3E6C76272638405A00ADE7D2 /* C#.wav */; };
		3E6C76342638405A00ADE7D2 /* G.wav in Resources */ = {isa = PBXBuildFile; fileRef = 3E6C76282638405A00ADE7D2 /* G.wav */; };
		3E6C76352638405A00ADE7D2 /* E.wav in Resources */ = {isa = PBXBuildFile; fileRef = 3E6C76292638405A00ADE7D2 /* E.wav */; };
		3E6C76362638405A00ADE7D2 /* D.wav in Resources */ = {isa = PBXBuildFile; fileRef = 3E6C762A2638405A00ADE7D2 /* D.wav */; };
		3E6C76372638405A00ADE7D2 /* D#.wav in Resources */ = {isa = PBXBuildFile; fileRef = 3E6C762B2638405A00ADE7D2 /* D#.wav */; };
		3EA8248425F34B7A002EEF2B /* AppDelegate.swift in Sources */ = {isa = PBXBuildFile; fileRef = 3EA8248325F34B7A002EEF2B /* AppDelegate.swift */; };
		3EA8248625F34B7A002EEF2B /* SceneDelegate.swift in Sources */ = {isa = PBXBuildFile; fileRef = 3EA8248525F34B7A002EEF2B /* SceneDelegate.swift */; };
		3EA8248B25F34B7A002EEF2B /* Main.storyboard in Resources */ = {isa = PBXBuildFile; fileRef = 3EA8248925F34B7A002EEF2B /* Main.storyboard */; };
		3EA8248D25F34B7B002EEF2B /* Assets.xcassets in Resources */ = {isa = PBXBuildFile; fileRef = 3EA8248C25F34B7B002EEF2B /* Assets.xcassets */; };
		3EA8249025F34B7B002EEF2B /* LaunchScreen.storyboard in Resources */ = {isa = PBXBuildFile; fileRef = 3EA8248E25F34B7B002EEF2B /* LaunchScreen.storyboard */; };
		3EA8249B25F34B7B002EEF2B /* WorshipPadsTests.swift in Sources */ = {isa = PBXBuildFile; fileRef = 3EA8249A25F34B7B002EEF2B /* WorshipPadsTests.swift */; };
		3EA824A625F34B7C002EEF2B /* WorshipPadsUITests.swift in Sources */ = {isa = PBXBuildFile; fileRef = 3EA824A525F34B7C002EEF2B /* WorshipPadsUITests.swift */; };
		3EA824BA25F34C66002EEF2B /* CollectionViewController.swift in Sources */ = {isa = PBXBuildFile; fileRef = 3EA824B925F34C66002EEF2B /* CollectionViewController.swift */; };
/* End PBXBuildFile section */

/* Begin PBXContainerItemProxy section */
		3EA8249725F34B7B002EEF2B /* PBXContainerItemProxy */ = {
			isa = PBXContainerItemProxy;
			containerPortal = 3EA8247825F34B7A002EEF2B /* Project object */;
			proxyType = 1;
			remoteGlobalIDString = 3EA8247F25F34B7A002EEF2B;
			remoteInfo = WorshipPads;
		};
		3EA824A225F34B7C002EEF2B /* PBXContainerItemProxy */ = {
			isa = PBXContainerItemProxy;
			containerPortal = 3EA8247825F34B7A002EEF2B /* Project object */;
			proxyType = 1;
			remoteGlobalIDString = 3EA8247F25F34B7A002EEF2B;
			remoteInfo = WorshipPads;
		};
/* End PBXContainerItemProxy section */

/* Begin PBXFileReference section */
		1E7B43AE260F569400E05DDC /* TestCollectionViewCell.swift */ = {isa = PBXFileReference; lastKnownFileType = sourcecode.swift; path = TestCollectionViewCell.swift; sourceTree = "<group>"; };
		1E7B43AF260F569400E05DDC /* TestCollectionViewCell.xib */ = {isa = PBXFileReference; lastKnownFileType = file.xib; path = TestCollectionViewCell.xib; sourceTree = "<group>"; };
		3E1608182614120D0099B1B8 /* FooterCollectionReusableView.swift */ = {isa = PBXFileReference; lastKnownFileType = sourcecode.swift; path = FooterCollectionReusableView.swift; sourceTree = "<group>"; };
		3E160820261573620099B1B8 /* PausePlayBtn.swift */ = {isa = PBXFileReference; lastKnownFileType = sourcecode.swift; path = PausePlayBtn.swift; sourceTree = "<group>"; };
		3E3F553D25F614FA00E155CF /* HeaderCollectionReusableView.swift */ = {isa = PBXFileReference; lastKnownFileType = sourcecode.swift; path = HeaderCollectionReusableView.swift; sourceTree = "<group>"; };
		3E3F557125F651E300E155CF /* MyCollectionViewCell.swift */ = {isa = PBXFileReference; lastKnownFileType = sourcecode.swift; path = MyCollectionViewCell.swift; sourceTree = "<group>"; };
		3E6C76202638405A00ADE7D2 /* F#.wav */ = {isa = PBXFileReference; lastKnownFileType = audio.wav; path = "F#.wav"; sourceTree = "<group>"; };
		3E6C76212638405A00ADE7D2 /* G#.wav */ = {isa = PBXFileReference; lastKnownFileType = audio.wav; path = "G#.wav"; sourceTree = "<group>"; };
		3E6C76222638405A00ADE7D2 /* A#.wav */ = {isa = PBXFileReference; lastKnownFileType = audio.wav; path = "A#.wav"; sourceTree = "<group>"; };
		3E6C76232638405A00ADE7D2 /* A.wav */ = {isa = PBXFileReference; lastKnownFileType = audio.wav; path = A.wav; sourceTree = "<group>"; };
		3E6C76242638405A00ADE7D2 /* C.wav */ = {isa = PBXFileReference; lastKnownFileType = audio.wav; path = C.wav; sourceTree = "<group>"; };
		3E6C76252638405A00ADE7D2 /* B.wav */ = {isa = PBXFileReference; lastKnownFileType = audio.wav; path = B.wav; sourceTree = "<group>"; };
		3E6C76262638405A00ADE7D2 /* F.wav */ = {isa = PBXFileReference; lastKnownFileType = audio.wav; path = F.wav; sourceTree = "<group>"; };
		3E6C76272638405A00ADE7D2 /* C#.wav */ = {isa = PBXFileReference; lastKnownFileType = audio.wav; path = "C#.wav"; sourceTree = "<group>"; };
		3E6C76282638405A00ADE7D2 /* G.wav */ = {isa = PBXFileReference; lastKnownFileType = audio.wav; path = G.wav; sourceTree = "<group>"; };
		3E6C76292638405A00ADE7D2 /* E.wav */ = {isa = PBXFileReference; lastKnownFileType = audio.wav; path = E.wav; sourceTree = "<group>"; };
		3E6C762A2638405A00ADE7D2 /* D.wav */ = {isa = PBXFileReference; lastKnownFileType = audio.wav; path = D.wav; sourceTree = "<group>"; };
		3E6C762B2638405A00ADE7D2 /* D#.wav */ = {isa = PBXFileReference; lastKnownFileType = audio.wav; path = "D#.wav"; sourceTree = "<group>"; };
		3EA8248025F34B7A002EEF2B /* WorshipPads.app */ = {isa = PBXFileReference; explicitFileType = wrapper.application; includeInIndex = 0; path = WorshipPads.app; sourceTree = BUILT_PRODUCTS_DIR; };
		3EA8248325F34B7A002EEF2B /* AppDelegate.swift */ = {isa = PBXFileReference; lastKnownFileType = sourcecode.swift; path = AppDelegate.swift; sourceTree = "<group>"; };
		3EA8248525F34B7A002EEF2B /* SceneDelegate.swift */ = {isa = PBXFileReference; lastKnownFileType = sourcecode.swift; path = SceneDelegate.swift; sourceTree = "<group>"; };
		3EA8248A25F34B7A002EEF2B /* Base */ = {isa = PBXFileReference; lastKnownFileType = file.storyboard; name = Base; path = Base.lproj/Main.storyboard; sourceTree = "<group>"; };
		3EA8248C25F34B7B002EEF2B /* Assets.xcassets */ = {isa = PBXFileReference; lastKnownFileType = folder.assetcatalog; path = Assets.xcassets; sourceTree = "<group>"; };
		3EA8248F25F34B7B002EEF2B /* Base */ = {isa = PBXFileReference; lastKnownFileType = file.storyboard; name = Base; path = Base.lproj/LaunchScreen.storyboard; sourceTree = "<group>"; };
		3EA8249125F34B7B002EEF2B /* Info.plist */ = {isa = PBXFileReference; lastKnownFileType = text.plist.xml; path = Info.plist; sourceTree = "<group>"; };
		3EA8249625F34B7B002EEF2B /* WorshipPadsTests.xctest */ = {isa = PBXFileReference; explicitFileType = wrapper.cfbundle; includeInIndex = 0; path = WorshipPadsTests.xctest; sourceTree = BUILT_PRODUCTS_DIR; };
		3EA8249A25F34B7B002EEF2B /* WorshipPadsTests.swift */ = {isa = PBXFileReference; lastKnownFileType = sourcecode.swift; path = WorshipPadsTests.swift; sourceTree = "<group>"; };
		3EA8249C25F34B7B002EEF2B /* Info.plist */ = {isa = PBXFileReference; lastKnownFileType = text.plist.xml; path = Info.plist; sourceTree = "<group>"; };
		3EA824A125F34B7C002EEF2B /* WorshipPadsUITests.xctest */ = {isa = PBXFileReference; explicitFileType = wrapper.cfbundle; includeInIndex = 0; path = WorshipPadsUITests.xctest; sourceTree = BUILT_PRODUCTS_DIR; };
		3EA824A525F34B7C002EEF2B /* WorshipPadsUITests.swift */ = {isa = PBXFileReference; lastKnownFileType = sourcecode.swift; path = WorshipPadsUITests.swift; sourceTree = "<group>"; };
		3EA824A725F34B7C002EEF2B /* Info.plist */ = {isa = PBXFileReference; lastKnownFileType = text.plist.xml; path = Info.plist; sourceTree = "<group>"; };
		3EA824B925F34C66002EEF2B /* CollectionViewController.swift */ = {isa = PBXFileReference; lastKnownFileType = sourcecode.swift; path = CollectionViewController.swift; sourceTree = "<group>"; };
/* End PBXFileReference section */

/* Begin PBXFrameworksBuildPhase section */
		3EA8247D25F34B7A002EEF2B /* Frameworks */ = {
			isa = PBXFrameworksBuildPhase;
			buildActionMask = 2147483647;
			files = (
			);
			runOnlyForDeploymentPostprocessing = 0;
		};
		3EA8249325F34B7B002EEF2B /* Frameworks */ = {
			isa = PBXFrameworksBuildPhase;
			buildActionMask = 2147483647;
			files = (
			);
			runOnlyForDeploymentPostprocessing = 0;
		};
		3EA8249E25F34B7C002EEF2B /* Frameworks */ = {
			isa = PBXFrameworksBuildPhase;
			buildActionMask = 2147483647;
			files = (
			);
			runOnlyForDeploymentPostprocessing = 0;
		};
/* End PBXFrameworksBuildPhase section */

/* Begin PBXGroup section */
		3E6C761F2638405A00ADE7D2 /* Pads */ = {
			isa = PBXGroup;
			children = (
				3E6C76202638405A00ADE7D2 /* F#.wav */,
				3E6C76212638405A00ADE7D2 /* G#.wav */,
				3E6C76222638405A00ADE7D2 /* A#.wav */,
				3E6C76232638405A00ADE7D2 /* A.wav */,
				3E6C76242638405A00ADE7D2 /* C.wav */,
				3E6C76252638405A00ADE7D2 /* B.wav */,
				3E6C76262638405A00ADE7D2 /* F.wav */,
				3E6C76272638405A00ADE7D2 /* C#.wav */,
				3E6C76282638405A00ADE7D2 /* G.wav */,
				3E6C76292638405A00ADE7D2 /* E.wav */,
				3E6C762A2638405A00ADE7D2 /* D.wav */,
				3E6C762B2638405A00ADE7D2 /* D#.wav */,
			);
			path = Pads;
			sourceTree = "<group>";
		};
		3EA8247725F34B7A002EEF2B = {
			isa = PBXGroup;
			children = (
				3EA8248225F34B7A002EEF2B /* WorshipPads */,
				3EA8249925F34B7B002EEF2B /* WorshipPadsTests */,
				3EA824A425F34B7C002EEF2B /* WorshipPadsUITests */,
				3EA8248125F34B7A002EEF2B /* Products */,
			);
			sourceTree = "<group>";
		};
		3EA8248125F34B7A002EEF2B /* Products */ = {
			isa = PBXGroup;
			children = (
				3EA8248025F34B7A002EEF2B /* WorshipPads.app */,
				3EA8249625F34B7B002EEF2B /* WorshipPadsTests.xctest */,
				3EA824A125F34B7C002EEF2B /* WorshipPadsUITests.xctest */,
			);
			name = Products;
			sourceTree = "<group>";
		};
		3EA8248225F34B7A002EEF2B /* WorshipPads */ = {
			isa = PBXGroup;
			children = (
				3EA824B925F34C66002EEF2B /* CollectionViewController.swift */,
				3E3F557125F651E300E155CF /* MyCollectionViewCell.swift */,
				3E3F553D25F614FA00E155CF /* HeaderCollectionReusableView.swift */,
				3E1608182614120D0099B1B8 /* FooterCollectionReusableView.swift */,
				1E7B43AE260F569400E05DDC /* TestCollectionViewCell.swift */,
				1E7B43AF260F569400E05DDC /* TestCollectionViewCell.xib */,
				3EA8248925F34B7A002EEF2B /* Main.storyboard */,
				3EA8248C25F34B7B002EEF2B /* Assets.xcassets */,
				3EA8248325F34B7A002EEF2B /* AppDelegate.swift */,
				3EA8248525F34B7A002EEF2B /* SceneDelegate.swift */,
				3EA8248E25F34B7B002EEF2B /* LaunchScreen.storyboard */,
				3E6C761F2638405A00ADE7D2 /* Pads */,
				3EA8249125F34B7B002EEF2B /* Info.plist */,
				3E160820261573620099B1B8 /* PausePlayBtn.swift */,
			);
			path = WorshipPads;
			sourceTree = "<group>";
		};
		3EA8249925F34B7B002EEF2B /* WorshipPadsTests */ = {
			isa = PBXGroup;
			children = (
				3EA8249A25F34B7B002EEF2B /* WorshipPadsTests.swift */,
				3EA8249C25F34B7B002EEF2B /* Info.plist */,
			);
			path = WorshipPadsTests;
			sourceTree = "<group>";
		};
		3EA824A425F34B7C002EEF2B /* WorshipPadsUITests */ = {
			isa = PBXGroup;
			children = (
				3EA824A525F34B7C002EEF2B /* WorshipPadsUITests.swift */,
				3EA824A725F34B7C002EEF2B /* Info.plist */,
			);
			path = WorshipPadsUITests;
			sourceTree = "<group>";
		};
/* End PBXGroup section */

/* Begin PBXNativeTarget section */
		3EA8247F25F34B7A002EEF2B /* WorshipPads */ = {
			isa = PBXNativeTarget;
			buildConfigurationList = 3EA824AA25F34B7C002EEF2B /* Build configuration list for PBXNativeTarget "WorshipPads" */;
			buildPhases = (
				3EA8247C25F34B7A002EEF2B /* Sources */,
				3EA8247D25F34B7A002EEF2B /* Frameworks */,
				3EA8247E25F34B7A002EEF2B /* Resources */,
			);
			buildRules = (
			);
			dependencies = (
			);
			name = WorshipPads;
			productName = WorshipPads;
			productReference = 3EA8248025F34B7A002EEF2B /* WorshipPads.app */;
			productType = "com.apple.product-type.application";
		};
		3EA8249525F34B7B002EEF2B /* WorshipPadsTests */ = {
			isa = PBXNativeTarget;
			buildConfigurationList = 3EA824AD25F34B7C002EEF2B /* Build configuration list for PBXNativeTarget "WorshipPadsTests" */;
			buildPhases = (
				3EA8249225F34B7B002EEF2B /* Sources */,
				3EA8249325F34B7B002EEF2B /* Frameworks */,
				3EA8249425F34B7B002EEF2B /* Resources */,
			);
			buildRules = (
			);
			dependencies = (
				3EA8249825F34B7B002EEF2B /* PBXTargetDependency */,
			);
			name = WorshipPadsTests;
			productName = WorshipPadsTests;
			productReference = 3EA8249625F34B7B002EEF2B /* WorshipPadsTests.xctest */;
			productType = "com.apple.product-type.bundle.unit-test";
		};
		3EA824A025F34B7C002EEF2B /* WorshipPadsUITests */ = {
			isa = PBXNativeTarget;
			buildConfigurationList = 3EA824B025F34B7C002EEF2B /* Build configuration list for PBXNativeTarget "WorshipPadsUITests" */;
			buildPhases = (
				3EA8249D25F34B7C002EEF2B /* Sources */,
				3EA8249E25F34B7C002EEF2B /* Frameworks */,
				3EA8249F25F34B7C002EEF2B /* Resources */,
			);
			buildRules = (
			);
			dependencies = (
				3EA824A325F34B7C002EEF2B /* PBXTargetDependency */,
			);
			name = WorshipPadsUITests;
			productName = WorshipPadsUITests;
			productReference = 3EA824A125F34B7C002EEF2B /* WorshipPadsUITests.xctest */;
			productType = "com.apple.product-type.bundle.ui-testing";
		};
/* End PBXNativeTarget section */

/* Begin PBXProject section */
		3EA8247825F34B7A002EEF2B /* Project object */ = {
			isa = PBXProject;
			attributes = {
				LastSwiftUpdateCheck = 1240;
				LastUpgradeCheck = 1240;
				TargetAttributes = {
					3EA8247F25F34B7A002EEF2B = {
						CreatedOnToolsVersion = 12.4;
					};
					3EA8249525F34B7B002EEF2B = {
						CreatedOnToolsVersion = 12.4;
						TestTargetID = 3EA8247F25F34B7A002EEF2B;
					};
					3EA824A025F34B7C002EEF2B = {
						CreatedOnToolsVersion = 12.4;
						TestTargetID = 3EA8247F25F34B7A002EEF2B;
					};
				};
			};
			buildConfigurationList = 3EA8247B25F34B7A002EEF2B /* Build configuration list for PBXProject "WorshipPads" */;
			compatibilityVersion = "Xcode 9.3";
			developmentRegion = en;
			hasScannedForEncodings = 0;
			knownRegions = (
				en,
				Base,
			);
			mainGroup = 3EA8247725F34B7A002EEF2B;
			productRefGroup = 3EA8248125F34B7A002EEF2B /* Products */;
			projectDirPath = "";
			projectRoot = "";
			targets = (
				3EA8247F25F34B7A002EEF2B /* WorshipPads */,
				3EA8249525F34B7B002EEF2B /* WorshipPadsTests */,
				3EA824A025F34B7C002EEF2B /* WorshipPadsUITests */,
			);
		};
/* End PBXProject section */

/* Begin PBXResourcesBuildPhase section */
		3EA8247E25F34B7A002EEF2B /* Resources */ = {
			isa = PBXResourcesBuildPhase;
			buildActionMask = 2147483647;
			files = (
				3E6C76322638405A00ADE7D2 /* F.wav in Resources */,
				3E6C762C2638405A00ADE7D2 /* F#.wav in Resources */,
				3E6C76312638405A00ADE7D2 /* B.wav in Resources */,
				3E6C762E2638405A00ADE7D2 /* A#.wav in Resources */,
				3E6C76332638405A00ADE7D2 /* C#.wav in Resources */,
				3E6C762F2638405A00ADE7D2 /* A.wav in Resources */,
				3E6C76302638405A00ADE7D2 /* C.wav in Resources */,
				3EA8249025F34B7B002EEF2B /* LaunchScreen.storyboard in Resources */,
				3E6C762D2638405A00ADE7D2 /* G#.wav in Resources */,
				3E6C76372638405A00ADE7D2 /* D#.wav in Resources */,
				1E7B43B1260F569400E05DDC /* TestCollectionViewCell.xib in Resources */,
				3EA8248D25F34B7B002EEF2B /* Assets.xcassets in Resources */,
				3EA8248B25F34B7A002EEF2B /* Main.storyboard in Resources */,
				3E6C76362638405A00ADE7D2 /* D.wav in Resources */,
				3E6C76352638405A00ADE7D2 /* E.wav in Resources */,
				3E6C76342638405A00ADE7D2 /* G.wav in Resources */,
			);
			runOnlyForDeploymentPostprocessing = 0;
		};
		3EA8249425F34B7B002EEF2B /* Resources */ = {
			isa = PBXResourcesBuildPhase;
			buildActionMask = 2147483647;
			files = (
			);
			runOnlyForDeploymentPostprocessing = 0;
		};
		3EA8249F25F34B7C002EEF2B /* Resources */ = {
			isa = PBXResourcesBuildPhase;
			buildActionMask = 2147483647;
			files = (
			);
			runOnlyForDeploymentPostprocessing = 0;
		};
/* End PBXResourcesBuildPhase section */

/* Begin PBXSourcesBuildPhase section */
		3EA8247C25F34B7A002EEF2B /* Sources */ = {
			isa = PBXSourcesBuildPhase;
			buildActionMask = 2147483647;
			files = (
				3E1608192614120D0099B1B8 /* FooterCollectionReusableView.swift in Sources */,
				1E7B43B0260F569400E05DDC /* TestCollectionViewCell.swift in Sources */,
				3EA824BA25F34C66002EEF2B /* CollectionViewController.swift in Sources */,
				3E3F557325F651E300E155CF /* MyCollectionViewCell.swift in Sources */,
				3EA8248425F34B7A002EEF2B /* AppDelegate.swift in Sources */,
				3E160821261573620099B1B8 /* PausePlayBtn.swift in Sources */,
				3E3F553E25F614FA00E155CF /* HeaderCollectionReusableView.swift in Sources */,
				3EA8248625F34B7A002EEF2B /* SceneDelegate.swift in Sources */,
			);
			runOnlyForDeploymentPostprocessing = 0;
		};
		3EA8249225F34B7B002EEF2B /* Sources */ = {
			isa = PBXSourcesBuildPhase;
			buildActionMask = 2147483647;
			files = (
				3EA8249B25F34B7B002EEF2B /* WorshipPadsTests.swift in Sources */,
			);
			runOnlyForDeploymentPostprocessing = 0;
		};
		3EA8249D25F34B7C002EEF2B /* Sources */ = {
			isa = PBXSourcesBuildPhase;
			buildActionMask = 2147483647;
			files = (
				3EA824A625F34B7C002EEF2B /* WorshipPadsUITests.swift in Sources */,
			);
			runOnlyForDeploymentPostprocessing = 0;
		};
/* End PBXSourcesBuildPhase section */

/* Begin PBXTargetDependency section */
		3EA8249825F34B7B002EEF2B /* PBXTargetDependency */ = {
			isa = PBXTargetDependency;
			target = 3EA8247F25F34B7A002EEF2B /* WorshipPads */;
			targetProxy = 3EA8249725F34B7B002EEF2B /* PBXContainerItemProxy */;
		};
		3EA824A325F34B7C002EEF2B /* PBXTargetDependency */ = {
			isa = PBXTargetDependency;
			target = 3EA8247F25F34B7A002EEF2B /* WorshipPads */;
			targetProxy = 3EA824A225F34B7C002EEF2B /* PBXContainerItemProxy */;
		};
/* End PBXTargetDependency section */

/* Begin PBXVariantGroup section */
		3EA8248925F34B7A002EEF2B /* Main.storyboard */ = {
			isa = PBXVariantGroup;
			children = (
				3EA8248A25F34B7A002EEF2B /* Base */,
			);
			name = Main.storyboard;
			sourceTree = "<group>";
		};
		3EA8248E25F34B7B002EEF2B /* LaunchScreen.storyboard */ = {
			isa = PBXVariantGroup;
			children = (
				3EA8248F25F34B7B002EEF2B /* Base */,
			);
			name = LaunchScreen.storyboard;
			sourceTree = "<group>";
		};
/* End PBXVariantGroup section */

/* Begin XCBuildConfiguration section */
		3EA824A825F34B7C002EEF2B /* Debug */ = {
			isa = XCBuildConfiguration;
			buildSettings = {
				ALWAYS_SEARCH_USER_PATHS = NO;
				CLANG_ANALYZER_NONNULL = YES;
				CLANG_ANALYZER_NUMBER_OBJECT_CONVERSION = YES_AGGRESSIVE;
				CLANG_CXX_LANGUAGE_STANDARD = "gnu++14";
				CLANG_CXX_LIBRARY = "libc++";
				CLANG_ENABLE_MODULES = YES;
				CLANG_ENABLE_OBJC_ARC = YES;
				CLANG_ENABLE_OBJC_WEAK = YES;
				CLANG_WARN_BLOCK_CAPTURE_AUTORELEASING = YES;
				CLANG_WARN_BOOL_CONVERSION = YES;
				CLANG_WARN_COMMA = YES;
				CLANG_WARN_CONSTANT_CONVERSION = YES;
				CLANG_WARN_DEPRECATED_OBJC_IMPLEMENTATIONS = YES;
				CLANG_WARN_DIRECT_OBJC_ISA_USAGE = YES_ERROR;
				CLANG_WARN_DOCUMENTATION_COMMENTS = YES;
				CLANG_WARN_EMPTY_BODY = YES;
				CLANG_WARN_ENUM_CONVERSION = YES;
				CLANG_WARN_INFINITE_RECURSION = YES;
				CLANG_WARN_INT_CONVERSION = YES;
				CLANG_WARN_NON_LITERAL_NULL_CONVERSION = YES;
				CLANG_WARN_OBJC_IMPLICIT_RETAIN_SELF = YES;
				CLANG_WARN_OBJC_LITERAL_CONVERSION = YES;
				CLANG_WARN_OBJC_ROOT_CLASS = YES_ERROR;
				CLANG_WARN_QUOTED_INCLUDE_IN_FRAMEWORK_HEADER = YES;
				CLANG_WARN_RANGE_LOOP_ANALYSIS = YES;
				CLANG_WARN_STRICT_PROTOTYPES = YES;
				CLANG_WARN_SUSPICIOUS_MOVE = YES;
				CLANG_WARN_UNGUARDED_AVAILABILITY = YES_AGGRESSIVE;
				CLANG_WARN_UNREACHABLE_CODE = YES;
				CLANG_WARN__DUPLICATE_METHOD_MATCH = YES;
				COPY_PHASE_STRIP = NO;
				DEBUG_INFORMATION_FORMAT = dwarf;
				ENABLE_STRICT_OBJC_MSGSEND = YES;
				ENABLE_TESTABILITY = YES;
				GCC_C_LANGUAGE_STANDARD = gnu11;
				GCC_DYNAMIC_NO_PIC = NO;
				GCC_NO_COMMON_BLOCKS = YES;
				GCC_OPTIMIZATION_LEVEL = 0;
				GCC_PREPROCESSOR_DEFINITIONS = (
					"DEBUG=1",
					"$(inherited)",
				);
				GCC_WARN_64_TO_32_BIT_CONVERSION = YES;
				GCC_WARN_ABOUT_RETURN_TYPE = YES_ERROR;
				GCC_WARN_UNDECLARED_SELECTOR = YES;
				GCC_WARN_UNINITIALIZED_AUTOS = YES_AGGRESSIVE;
				GCC_WARN_UNUSED_FUNCTION = YES;
				GCC_WARN_UNUSED_VARIABLE = YES;
				IPHONEOS_DEPLOYMENT_TARGET = 14.4;
				MTL_ENABLE_DEBUG_INFO = INCLUDE_SOURCE;
				MTL_FAST_MATH = YES;
				ONLY_ACTIVE_ARCH = YES;
				SDKROOT = iphoneos;
				SWIFT_ACTIVE_COMPILATION_CONDITIONS = DEBUG;
				SWIFT_OPTIMIZATION_LEVEL = "-Onone";
			};
			name = Debug;
		};
		3EA824A925F34B7C002EEF2B /* Release */ = {
			isa = XCBuildConfiguration;
			buildSettings = {
				ALWAYS_SEARCH_USER_PATHS = NO;
				CLANG_ANALYZER_NONNULL = YES;
				CLANG_ANALYZER_NUMBER_OBJECT_CONVERSION = YES_AGGRESSIVE;
				CLANG_CXX_LANGUAGE_STANDARD = "gnu++14";
				CLANG_CXX_LIBRARY = "libc++";
				CLANG_ENABLE_MODULES = YES;
				CLANG_ENABLE_OBJC_ARC = YES;
				CLANG_ENABLE_OBJC_WEAK = YES;
				CLANG_WARN_BLOCK_CAPTURE_AUTORELEASING = YES;
				CLANG_WARN_BOOL_CONVERSION = YES;
				CLANG_WARN_COMMA = YES;
				CLANG_WARN_CONSTANT_CONVERSION = YES;
				CLANG_WARN_DEPRECATED_OBJC_IMPLEMENTATIONS = YES;
				CLANG_WARN_DIRECT_OBJC_ISA_USAGE = YES_ERROR;
				CLANG_WARN_DOCUMENTATION_COMMENTS = YES;
				CLANG_WARN_EMPTY_BODY = YES;
				CLANG_WARN_ENUM_CONVERSION = YES;
				CLANG_WARN_INFINITE_RECURSION = YES;
				CLANG_WARN_INT_CONVERSION = YES;
				CLANG_WARN_NON_LITERAL_NULL_CONVERSION = YES;
				CLANG_WARN_OBJC_IMPLICIT_RETAIN_SELF = YES;
				CLANG_WARN_OBJC_LITERAL_CONVERSION = YES;
				CLANG_WARN_OBJC_ROOT_CLASS = YES_ERROR;
				CLANG_WARN_QUOTED_INCLUDE_IN_FRAMEWORK_HEADER = YES;
				CLANG_WARN_RANGE_LOOP_ANALYSIS = YES;
				CLANG_WARN_STRICT_PROTOTYPES = YES;
				CLANG_WARN_SUSPICIOUS_MOVE = YES;
				CLANG_WARN_UNGUARDED_AVAILABILITY = YES_AGGRESSIVE;
				CLANG_WARN_UNREACHABLE_CODE = YES;
				CLANG_WARN__DUPLICATE_METHOD_MATCH = YES;
				COPY_PHASE_STRIP = NO;
				DEBUG_INFORMATION_FORMAT = "dwarf-with-dsym";
				ENABLE_NS_ASSERTIONS = NO;
				ENABLE_STRICT_OBJC_MSGSEND = YES;
				GCC_C_LANGUAGE_STANDARD = gnu11;
				GCC_NO_COMMON_BLOCKS = YES;
				GCC_WARN_64_TO_32_BIT_CONVERSION = YES;
				GCC_WARN_ABOUT_RETURN_TYPE = YES_ERROR;
				GCC_WARN_UNDECLARED_SELECTOR = YES;
				GCC_WARN_UNINITIALIZED_AUTOS = YES_AGGRESSIVE;
				GCC_WARN_UNUSED_FUNCTION = YES;
				GCC_WARN_UNUSED_VARIABLE = YES;
				IPHONEOS_DEPLOYMENT_TARGET = 14.4;
				MTL_ENABLE_DEBUG_INFO = NO;
				MTL_FAST_MATH = YES;
				SDKROOT = iphoneos;
				SWIFT_COMPILATION_MODE = wholemodule;
				SWIFT_OPTIMIZATION_LEVEL = "-O";
				VALIDATE_PRODUCT = YES;
			};
			name = Release;
		};
		3EA824AB25F34B7C002EEF2B /* Debug */ = {
			isa = XCBuildConfiguration;
			buildSettings = {
				ASSETCATALOG_COMPILER_APPICON_NAME = AppIcon;
				ASSETCATALOG_COMPILER_GLOBAL_ACCENT_COLOR_NAME = AccentColor;
				CODE_SIGN_STYLE = Automatic;
				DEVELOPMENT_TEAM = 7S2C6KTLS6;
				INFOPLIST_FILE = WorshipPads/Info.plist;
				LD_RUNPATH_SEARCH_PATHS = (
					"$(inherited)",
					"@executable_path/Frameworks",
				);
				PRODUCT_BUNDLE_IDENTIFIER = JMcompany.WorshipPads;
				PRODUCT_NAME = "$(TARGET_NAME)";
				SWIFT_VERSION = 5.0;
				TARGETED_DEVICE_FAMILY = "1,2";
			};
			name = Debug;
		};
		3EA824AC25F34B7C002EEF2B /* Release */ = {
			isa = XCBuildConfiguration;
			buildSettings = {
				ASSETCATALOG_COMPILER_APPICON_NAME = AppIcon;
				ASSETCATALOG_COMPILER_GLOBAL_ACCENT_COLOR_NAME = AccentColor;
				CODE_SIGN_STYLE = Automatic;
				DEVELOPMENT_TEAM = 7S2C6KTLS6;
				INFOPLIST_FILE = WorshipPads/Info.plist;
				LD_RUNPATH_SEARCH_PATHS = (
					"$(inherited)",
					"@executable_path/Frameworks",
				);
				PRODUCT_BUNDLE_IDENTIFIER = JMcompany.WorshipPads;
				PRODUCT_NAME = "$(TARGET_NAME)";
				SWIFT_VERSION = 5.0;
				TARGETED_DEVICE_FAMILY = "1,2";
			};
			name = Release;
		};
		3EA824AE25F34B7C002EEF2B /* Debug */ = {
			isa = XCBuildConfiguration;
			buildSettings = {
				ALWAYS_EMBED_SWIFT_STANDARD_LIBRARIES = YES;
				BUNDLE_LOADER = "$(TEST_HOST)";
				CODE_SIGN_STYLE = Automatic;
				DEVELOPMENT_TEAM = 7S2C6KTLS6;
				INFOPLIST_FILE = WorshipPadsTests/Info.plist;
				IPHONEOS_DEPLOYMENT_TARGET = 14.4;
				LD_RUNPATH_SEARCH_PATHS = (
					"$(inherited)",
					"@executable_path/Frameworks",
					"@loader_path/Frameworks",
				);
				PRODUCT_BUNDLE_IDENTIFIER = JMcompany.WorshipPadsTests;
				PRODUCT_NAME = "$(TARGET_NAME)";
				SWIFT_VERSION = 5.0;
				TARGETED_DEVICE_FAMILY = "1,2";
				TEST_HOST = "$(BUILT_PRODUCTS_DIR)/WorshipPads.app/WorshipPads";
			};
			name = Debug;
		};
		3EA824AF25F34B7C002EEF2B /* Release */ = {
			isa = XCBuildConfiguration;
			buildSettings = {
				ALWAYS_EMBED_SWIFT_STANDARD_LIBRARIES = YES;
				BUNDLE_LOADER = "$(TEST_HOST)";
				CODE_SIGN_STYLE = Automatic;
				DEVELOPMENT_TEAM = 7S2C6KTLS6;
				INFOPLIST_FILE = WorshipPadsTests/Info.plist;
				IPHONEOS_DEPLOYMENT_TARGET = 14.4;
				LD_RUNPATH_SEARCH_PATHS = (
					"$(inherited)",
					"@executable_path/Frameworks",
					"@loader_path/Frameworks",
				);
				PRODUCT_BUNDLE_IDENTIFIER = JMcompany.WorshipPadsTests;
				PRODUCT_NAME = "$(TARGET_NAME)";
				SWIFT_VERSION = 5.0;
				TARGETED_DEVICE_FAMILY = "1,2";
				TEST_HOST = "$(BUILT_PRODUCTS_DIR)/WorshipPads.app/WorshipPads";
			};
			name = Release;
		};
		3EA824B125F34B7C002EEF2B /* Debug */ = {
			isa = XCBuildConfiguration;
			buildSettings = {
				ALWAYS_EMBED_SWIFT_STANDARD_LIBRARIES = YES;
				CODE_SIGN_STYLE = Automatic;
				DEVELOPMENT_TEAM = 7S2C6KTLS6;
				INFOPLIST_FILE = WorshipPadsUITests/Info.plist;
				LD_RUNPATH_SEARCH_PATHS = (
					"$(inherited)",
					"@executable_path/Frameworks",
					"@loader_path/Frameworks",
				);
				PRODUCT_BUNDLE_IDENTIFIER = JMcompany.WorshipPadsUITests;
				PRODUCT_NAME = "$(TARGET_NAME)";
				SWIFT_VERSION = 5.0;
				TARGETED_DEVICE_FAMILY = "1,2";
				TEST_TARGET_NAME = WorshipPads;
			};
			name = Debug;
		};
		3EA824B225F34B7C002EEF2B /* Release */ = {
			isa = XCBuildConfiguration;
			buildSettings = {
				ALWAYS_EMBED_SWIFT_STANDARD_LIBRARIES = YES;
				CODE_SIGN_STYLE = Automatic;
				DEVELOPMENT_TEAM = 7S2C6KTLS6;
				INFOPLIST_FILE = WorshipPadsUITests/Info.plist;
				LD_RUNPATH_SEARCH_PATHS = (
					"$(inherited)",
					"@executable_path/Frameworks",
					"@loader_path/Frameworks",
				);
				PRODUCT_BUNDLE_IDENTIFIER = JMcompany.WorshipPadsUITests;
				PRODUCT_NAME = "$(TARGET_NAME)";
				SWIFT_VERSION = 5.0;
				TARGETED_DEVICE_FAMILY = "1,2";
				TEST_TARGET_NAME = WorshipPads;
			};
			name = Release;
		};
/* End XCBuildConfiguration section */

/* Begin XCConfigurationList section */
		3EA8247B25F34B7A002EEF2B /* Build configuration list for PBXProject "WorshipPads" */ = {
			isa = XCConfigurationList;
			buildConfigurations = (
				3EA824A825F34B7C002EEF2B /* Debug */,
				3EA824A925F34B7C002EEF2B /* Release */,
			);
			defaultConfigurationIsVisible = 0;
			defaultConfigurationName = Release;
		};
		3EA824AA25F34B7C002EEF2B /* Build configuration list for PBXNativeTarget "WorshipPads" */ = {
			isa = XCConfigurationList;
			buildConfigurations = (
				3EA824AB25F34B7C002EEF2B /* Debug */,
				3EA824AC25F34B7C002EEF2B /* Release */,
			);
			defaultConfigurationIsVisible = 0;
			defaultConfigurationName = Release;
		};
		3EA824AD25F34B7C002EEF2B /* Build configuration list for PBXNativeTarget "WorshipPadsTests" */ = {
			isa = XCConfigurationList;
			buildConfigurations = (
				3EA824AE25F34B7C002EEF2B /* Debug */,
				3EA824AF25F34B7C002EEF2B /* Release */,
			);
			defaultConfigurationIsVisible = 0;
			defaultConfigurationName = Release;
		};
		3EA824B025F34B7C002EEF2B /* Build configuration list for PBXNativeTarget "WorshipPadsUITests" */ = {
			isa = XCConfigurationList;
			buildConfigurations = (
				3EA824B125F34B7C002EEF2B /* Debug */,
				3EA824B225F34B7C002EEF2B /* Release */,
			);
			defaultConfigurationIsVisible = 0;
			defaultConfigurationName = Release;
		};
/* End XCConfigurationList section */
	};
	rootObject = 3EA8247825F34B7A002EEF2B /* Project object */;
}
